// !$*UTF8*$!
{
	archiveVersion = 1;
	classes = {
	};
	objectVersion = 50;
	objects = {

/* Begin PBXBuildFile section */
		6103CCFF22985B03007F7113 /* Assets.xcassets in Resources */ = {isa = PBXBuildFile; fileRef = 6103CCFE22985B03007F7113 /* Assets.xcassets */; };
		61168B882295EA39008C74C6 /* PredictHQResult.swift in Sources */ = {isa = PBXBuildFile; fileRef = 61168B872295EA39008C74C6 /* PredictHQResult.swift */; };
		7505FFB722849F0800BA2152 /* PlacesCellView.swift in Sources */ = {isa = PBXBuildFile; fileRef = 7505FFB622849F0800BA2152 /* PlacesCellView.swift */; };
		7505FFBA2284F33F00BA2152 /* FileController.swift in Sources */ = {isa = PBXBuildFile; fileRef = 7505FFB82284F33F00BA2152 /* FileController.swift */; };
		7505FFBB2284F33F00BA2152 /* PlacesClass.swift in Sources */ = {isa = PBXBuildFile; fileRef = 7505FFB92284F33F00BA2152 /* PlacesClass.swift */; };
		7505FFBF2285060900BA2152 /* MapaViewController.swift in Sources */ = {isa = PBXBuildFile; fileRef = 7505FFBE2285060900BA2152 /* MapaViewController.swift */; };
		75448C28228B289E002D1916 /* EventsTableViewController.swift in Sources */ = {isa = PBXBuildFile; fileRef = 75448C27228B289E002D1916 /* EventsTableViewController.swift */; };
		75448C2A228B2A92002D1916 /* EventsCellView.swift in Sources */ = {isa = PBXBuildFile; fileRef = 75448C29228B2A92002D1916 /* EventsCellView.swift */; };
		75448C2C228B3015002D1916 /* EventsViewController.swift in Sources */ = {isa = PBXBuildFile; fileRef = 75448C2B228B3015002D1916 /* EventsViewController.swift */; };
		756C698F2285ED5400EED8C7 /* NavigationController.swift in Sources */ = {isa = PBXBuildFile; fileRef = 756C698E2285ED5400EED8C7 /* NavigationController.swift */; };
		75E82E66228460230095BDAF /* AppDelegate.swift in Sources */ = {isa = PBXBuildFile; fileRef = 75E82E65228460230095BDAF /* AppDelegate.swift */; };
		75E82E68228460230095BDAF /* PlacesViewController.swift in Sources */ = {isa = PBXBuildFile; fileRef = 75E82E67228460230095BDAF /* PlacesViewController.swift */; };
		75E82E6B228460230095BDAF /* Main.storyboard in Resources */ = {isa = PBXBuildFile; fileRef = 75E82E69228460230095BDAF /* Main.storyboard */; };
		75E82E70228460240095BDAF /* LaunchScreen.storyboard in Resources */ = {isa = PBXBuildFile; fileRef = 75E82E6E228460240095BDAF /* LaunchScreen.storyboard */; };
		75E82E7A228460E90095BDAF /* Event.swift in Sources */ = {isa = PBXBuildFile; fileRef = 75E82E79228460E90095BDAF /* Event.swift */; };
		75E82E7C228462060095BDAF /* PlacesTableViewController.swift in Sources */ = {isa = PBXBuildFile; fileRef = 75E82E7B228462060095BDAF /* PlacesTableViewController.swift */; };
/* End PBXBuildFile section */

/* Begin PBXFileReference section */
		6103CCFE22985B03007F7113 /* Assets.xcassets */ = {isa = PBXFileReference; lastKnownFileType = folder.assetcatalog; path = Assets.xcassets; sourceTree = "<group>"; };
		61168B872295EA39008C74C6 /* PredictHQResult.swift */ = {isa = PBXFileReference; lastKnownFileType = sourcecode.swift; path = PredictHQResult.swift; sourceTree = "<group>"; };
		7505FFB622849F0800BA2152 /* PlacesCellView.swift */ = {isa = PBXFileReference; lastKnownFileType = sourcecode.swift; path = PlacesCellView.swift; sourceTree = "<group>"; };
		7505FFB82284F33F00BA2152 /* FileController.swift */ = {isa = PBXFileReference; fileEncoding = 4; lastKnownFileType = sourcecode.swift; path = FileController.swift; sourceTree = "<group>"; };
		7505FFB92284F33F00BA2152 /* PlacesClass.swift */ = {isa = PBXFileReference; fileEncoding = 4; lastKnownFileType = sourcecode.swift; path = PlacesClass.swift; sourceTree = "<group>"; };
		7505FFBE2285060900BA2152 /* MapaViewController.swift */ = {isa = PBXFileReference; lastKnownFileType = sourcecode.swift; path = MapaViewController.swift; sourceTree = "<group>"; };
		75448C27228B289E002D1916 /* EventsTableViewController.swift */ = {isa = PBXFileReference; lastKnownFileType = sourcecode.swift; path = EventsTableViewController.swift; sourceTree = "<group>"; };
		75448C29228B2A92002D1916 /* EventsCellView.swift */ = {isa = PBXFileReference; lastKnownFileType = sourcecode.swift; path = EventsCellView.swift; sourceTree = "<group>"; };
		75448C2B228B3015002D1916 /* EventsViewController.swift */ = {isa = PBXFileReference; lastKnownFileType = sourcecode.swift; path = EventsViewController.swift; sourceTree = "<group>"; };
		756C698E2285ED5400EED8C7 /* NavigationController.swift */ = {isa = PBXFileReference; lastKnownFileType = sourcecode.swift; path = NavigationController.swift; sourceTree = "<group>"; };
		75E82E62228460230095BDAF /* MC2.app */ = {isa = PBXFileReference; explicitFileType = wrapper.application; includeInIndex = 0; path = MC2.app; sourceTree = BUILT_PRODUCTS_DIR; };
		75E82E65228460230095BDAF /* AppDelegate.swift */ = {isa = PBXFileReference; lastKnownFileType = sourcecode.swift; path = AppDelegate.swift; sourceTree = "<group>"; };
		75E82E67228460230095BDAF /* PlacesViewController.swift */ = {isa = PBXFileReference; lastKnownFileType = sourcecode.swift; path = PlacesViewController.swift; sourceTree = "<group>"; };
		75E82E6A228460230095BDAF /* Base */ = {isa = PBXFileReference; lastKnownFileType = file.storyboard; name = Base; path = Base.lproj/Main.storyboard; sourceTree = "<group>"; };
		75E82E6F228460240095BDAF /* Base */ = {isa = PBXFileReference; lastKnownFileType = file.storyboard; name = Base; path = Base.lproj/LaunchScreen.storyboard; sourceTree = "<group>"; };
		75E82E71228460240095BDAF /* Info.plist */ = {isa = PBXFileReference; lastKnownFileType = text.plist.xml; path = Info.plist; sourceTree = "<group>"; };
		75E82E79228460E90095BDAF /* Event.swift */ = {isa = PBXFileReference; lastKnownFileType = sourcecode.swift; path = Event.swift; sourceTree = "<group>"; };
		75E82E7B228462060095BDAF /* PlacesTableViewController.swift */ = {isa = PBXFileReference; lastKnownFileType = sourcecode.swift; path = PlacesTableViewController.swift; sourceTree = "<group>"; };
/* End PBXFileReference section */

/* Begin PBXFrameworksBuildPhase section */
		75E82E5F228460230095BDAF /* Frameworks */ = {
			isa = PBXFrameworksBuildPhase;
			buildActionMask = 2147483647;
			files = (
			);
			runOnlyForDeploymentPostprocessing = 0;
		};
/* End PBXFrameworksBuildPhase section */

/* Begin PBXGroup section */
		75E82E59228460230095BDAF = {
			isa = PBXGroup;
			children = (
				75E82E64228460230095BDAF /* MC2 */,
				75E82E63228460230095BDAF /* Products */,
			);
			sourceTree = "<group>";
		};
		75E82E63228460230095BDAF /* Products */ = {
			isa = PBXGroup;
			children = (
				75E82E62228460230095BDAF /* MC2.app */,
			);
			name = Products;
			sourceTree = "<group>";
		};
		75E82E64228460230095BDAF /* MC2 */ = {
			isa = PBXGroup;
			children = (
				6103CCFE22985B03007F7113 /* Assets.xcassets */,
				75E82E65228460230095BDAF /* AppDelegate.swift */,
				7505FFB82284F33F00BA2152 /* FileController.swift */,
				61168B872295EA39008C74C6 /* PredictHQResult.swift */,
				7505FFB92284F33F00BA2152 /* PlacesClass.swift */,
				75E82E7B228462060095BDAF /* PlacesTableViewController.swift */,
				7505FFB622849F0800BA2152 /* PlacesCellView.swift */,
				75E82E67228460230095BDAF /* PlacesViewController.swift */,
				75E82E79228460E90095BDAF /* Event.swift */,
				75448C27228B289E002D1916 /* EventsTableViewController.swift */,
				75448C29228B2A92002D1916 /* EventsCellView.swift */,
				75448C2B228B3015002D1916 /* EventsViewController.swift */,
				7505FFBE2285060900BA2152 /* MapaViewController.swift */,
				756C698E2285ED5400EED8C7 /* NavigationController.swift */,
				75E82E69228460230095BDAF /* Main.storyboard */,
				75E82E6E228460240095BDAF /* LaunchScreen.storyboard */,
				75E82E71228460240095BDAF /* Info.plist */,
			);
			path = MC2;
			sourceTree = "<group>";
		};
/* End PBXGroup section */

/* Begin PBXNativeTarget section */
		75E82E61228460230095BDAF /* MC2 */ = {
			isa = PBXNativeTarget;
			buildConfigurationList = 75E82E74228460240095BDAF /* Build configuration list for PBXNativeTarget "MC2" */;
			buildPhases = (
				75E82E5E228460230095BDAF /* Sources */,
				75E82E5F228460230095BDAF /* Frameworks */,
				75E82E60228460230095BDAF /* Resources */,
			);
			buildRules = (
			);
			dependencies = (
			);
			name = MC2;
			productName = MC2;
			productReference = 75E82E62228460230095BDAF /* MC2.app */;
			productType = "com.apple.product-type.application";
		};
/* End PBXNativeTarget section */

/* Begin PBXProject section */
		75E82E5A228460230095BDAF /* Project object */ = {
			isa = PBXProject;
			attributes = {
				LastSwiftUpdateCheck = 1020;
				LastUpgradeCheck = 1020;
				ORGANIZATIONNAME = "Eloisa Falcão";
				TargetAttributes = {
					75E82E61228460230095BDAF = {
						CreatedOnToolsVersion = 10.2.1;
					};
				};
			};
			buildConfigurationList = 75E82E5D228460230095BDAF /* Build configuration list for PBXProject "MC2" */;
			compatibilityVersion = "Xcode 9.3";
			developmentRegion = en;
			hasScannedForEncodings = 0;
			knownRegions = (
				en,
				Base,
			);
			mainGroup = 75E82E59228460230095BDAF;
			productRefGroup = 75E82E63228460230095BDAF /* Products */;
			projectDirPath = "";
			projectRoot = "";
			targets = (
				75E82E61228460230095BDAF /* MC2 */,
			);
		};
/* End PBXProject section */

/* Begin PBXResourcesBuildPhase section */
		75E82E60228460230095BDAF /* Resources */ = {
			isa = PBXResourcesBuildPhase;
			buildActionMask = 2147483647;
			files = (
				75E82E70228460240095BDAF /* LaunchScreen.storyboard in Resources */,
				6103CCFF22985B03007F7113 /* Assets.xcassets in Resources */,
				75E82E6B228460230095BDAF /* Main.storyboard in Resources */,
			);
			runOnlyForDeploymentPostprocessing = 0;
		};
/* End PBXResourcesBuildPhase section */

/* Begin PBXSourcesBuildPhase section */
		75E82E5E228460230095BDAF /* Sources */ = {
			isa = PBXSourcesBuildPhase;
			buildActionMask = 2147483647;
			files = (
				75448C2C228B3015002D1916 /* EventsViewController.swift in Sources */,
				75E82E68228460230095BDAF /* PlacesViewController.swift in Sources */,
				75448C2A228B2A92002D1916 /* EventsCellView.swift in Sources */,
				7505FFBF2285060900BA2152 /* MapaViewController.swift in Sources */,
				75448C28228B289E002D1916 /* EventsTableViewController.swift in Sources */,
				7505FFB722849F0800BA2152 /* PlacesCellView.swift in Sources */,
				75E82E7A228460E90095BDAF /* Event.swift in Sources */,
				756C698F2285ED5400EED8C7 /* NavigationController.swift in Sources */,
				61168B882295EA39008C74C6 /* PredictHQResult.swift in Sources */,
				75E82E66228460230095BDAF /* AppDelegate.swift in Sources */,
				75E82E7C228462060095BDAF /* PlacesTableViewController.swift in Sources */,
				7505FFBA2284F33F00BA2152 /* FileController.swift in Sources */,
				7505FFBB2284F33F00BA2152 /* PlacesClass.swift in Sources */,
			);
			runOnlyForDeploymentPostprocessing = 0;
		};
/* End PBXSourcesBuildPhase section */

/* Begin PBXVariantGroup section */
		75E82E69228460230095BDAF /* Main.storyboard */ = {
			isa = PBXVariantGroup;
			children = (
				75E82E6A228460230095BDAF /* Base */,
			);
			name = Main.storyboard;
			sourceTree = "<group>";
		};
		75E82E6E228460240095BDAF /* LaunchScreen.storyboard */ = {
			isa = PBXVariantGroup;
			children = (
				75E82E6F228460240095BDAF /* Base */,
			);
			name = LaunchScreen.storyboard;
			sourceTree = "<group>";
		};
/* End PBXVariantGroup section */

/* Begin XCBuildConfiguration section */
		75E82E72228460240095BDAF /* Debug */ = {
			isa = XCBuildConfiguration;
			buildSettings = {
				ALWAYS_SEARCH_USER_PATHS = NO;
				CLANG_ANALYZER_NONNULL = YES;
				CLANG_ANALYZER_NUMBER_OBJECT_CONVERSION = YES_AGGRESSIVE;
				CLANG_CXX_LANGUAGE_STANDARD = "gnu++14";
				CLANG_CXX_LIBRARY = "libc++";
				CLANG_ENABLE_MODULES = YES;
				CLANG_ENABLE_OBJC_ARC = YES;
				CLANG_ENABLE_OBJC_WEAK = YES;
				CLANG_WARN_BLOCK_CAPTURE_AUTORELEASING = YES;
				CLANG_WARN_BOOL_CONVERSION = YES;
				CLANG_WARN_COMMA = YES;
				CLANG_WARN_CONSTANT_CONVERSION = YES;
				CLANG_WARN_DEPRECATED_OBJC_IMPLEMENTATIONS = YES;
				CLANG_WARN_DIRECT_OBJC_ISA_USAGE = YES_ERROR;
				CLANG_WARN_DOCUMENTATION_COMMENTS = YES;
				CLANG_WARN_EMPTY_BODY = YES;
				CLANG_WARN_ENUM_CONVERSION = YES;
				CLANG_WARN_INFINITE_RECURSION = YES;
				CLANG_WARN_INT_CONVERSION = YES;
				CLANG_WARN_NON_LITERAL_NULL_CONVERSION = YES;
				CLANG_WARN_OBJC_IMPLICIT_RETAIN_SELF = YES;
				CLANG_WARN_OBJC_LITERAL_CONVERSION = YES;
				CLANG_WARN_OBJC_ROOT_CLASS = YES_ERROR;
				CLANG_WARN_RANGE_LOOP_ANALYSIS = YES;
				CLANG_WARN_STRICT_PROTOTYPES = YES;
				CLANG_WARN_SUSPICIOUS_MOVE = YES;
				CLANG_WARN_UNGUARDED_AVAILABILITY = YES_AGGRESSIVE;
				CLANG_WARN_UNREACHABLE_CODE = YES;
				CLANG_WARN__DUPLICATE_METHOD_MATCH = YES;
				CODE_SIGN_IDENTITY = "iPhone Developer";
				COPY_PHASE_STRIP = NO;
				DEBUG_INFORMATION_FORMAT = dwarf;
				ENABLE_STRICT_OBJC_MSGSEND = YES;
				ENABLE_TESTABILITY = YES;
				GCC_C_LANGUAGE_STANDARD = gnu11;
				GCC_DYNAMIC_NO_PIC = NO;
				GCC_NO_COMMON_BLOCKS = YES;
				GCC_OPTIMIZATION_LEVEL = 0;
				GCC_PREPROCESSOR_DEFINITIONS = (
					"DEBUG=1",
					"$(inherited)",
				);
				GCC_WARN_64_TO_32_BIT_CONVERSION = YES;
				GCC_WARN_ABOUT_RETURN_TYPE = YES_ERROR;
				GCC_WARN_UNDECLARED_SELECTOR = YES;
				GCC_WARN_UNINITIALIZED_AUTOS = YES_AGGRESSIVE;
				GCC_WARN_UNUSED_FUNCTION = YES;
				GCC_WARN_UNUSED_VARIABLE = YES;
				IPHONEOS_DEPLOYMENT_TARGET = 12.2;
				MTL_ENABLE_DEBUG_INFO = INCLUDE_SOURCE;
				MTL_FAST_MATH = YES;
				ONLY_ACTIVE_ARCH = YES;
				SDKROOT = iphoneos;
				SWIFT_ACTIVE_COMPILATION_CONDITIONS = DEBUG;
				SWIFT_OPTIMIZATION_LEVEL = "-Onone";
			};
			name = Debug;
		};
		75E82E73228460240095BDAF /* Release */ = {
			isa = XCBuildConfiguration;
			buildSettings = {
				ALWAYS_SEARCH_USER_PATHS = NO;
				CLANG_ANALYZER_NONNULL = YES;
				CLANG_ANALYZER_NUMBER_OBJECT_CONVERSION = YES_AGGRESSIVE;
				CLANG_CXX_LANGUAGE_STANDARD = "gnu++14";
				CLANG_CXX_LIBRARY = "libc++";
				CLANG_ENABLE_MODULES = YES;
				CLANG_ENABLE_OBJC_ARC = YES;
				CLANG_ENABLE_OBJC_WEAK = YES;
				CLANG_WARN_BLOCK_CAPTURE_AUTORELEASING = YES;
				CLANG_WARN_BOOL_CONVERSION = YES;
				CLANG_WARN_COMMA = YES;
				CLANG_WARN_CONSTANT_CONVERSION = YES;
				CLANG_WARN_DEPRECATED_OBJC_IMPLEMENTATIONS = YES;
				CLANG_WARN_DIRECT_OBJC_ISA_USAGE = YES_ERROR;
				CLANG_WARN_DOCUMENTATION_COMMENTS = YES;
				CLANG_WARN_EMPTY_BODY = YES;
				CLANG_WARN_ENUM_CONVERSION = YES;
				CLANG_WARN_INFINITE_RECURSION = YES;
				CLANG_WARN_INT_CONVERSION = YES;
				CLANG_WARN_NON_LITERAL_NULL_CONVERSION = YES;
				CLANG_WARN_OBJC_IMPLICIT_RETAIN_SELF = YES;
				CLANG_WARN_OBJC_LITERAL_CONVERSION = YES;
				CLANG_WARN_OBJC_ROOT_CLASS = YES_ERROR;
				CLANG_WARN_RANGE_LOOP_ANALYSIS = YES;
				CLANG_WARN_STRICT_PROTOTYPES = YES;
				CLANG_WARN_SUSPICIOUS_MOVE = YES;
				CLANG_WARN_UNGUARDED_AVAILABILITY = YES_AGGRESSIVE;
				CLANG_WARN_UNREACHABLE_CODE = YES;
				CLANG_WARN__DUPLICATE_METHOD_MATCH = YES;
				CODE_SIGN_IDENTITY = "iPhone Developer";
				COPY_PHASE_STRIP = NO;
				DEBUG_INFORMATION_FORMAT = "dwarf-with-dsym";
				ENABLE_NS_ASSERTIONS = NO;
				ENABLE_STRICT_OBJC_MSGSEND = YES;
				GCC_C_LANGUAGE_STANDARD = gnu11;
				GCC_NO_COMMON_BLOCKS = YES;
				GCC_WARN_64_TO_32_BIT_CONVERSION = YES;
				GCC_WARN_ABOUT_RETURN_TYPE = YES_ERROR;
				GCC_WARN_UNDECLARED_SELECTOR = YES;
				GCC_WARN_UNINITIALIZED_AUTOS = YES_AGGRESSIVE;
				GCC_WARN_UNUSED_FUNCTION = YES;
				GCC_WARN_UNUSED_VARIABLE = YES;
				IPHONEOS_DEPLOYMENT_TARGET = 12.2;
				MTL_ENABLE_DEBUG_INFO = NO;
				MTL_FAST_MATH = YES;
				SDKROOT = iphoneos;
				SWIFT_COMPILATION_MODE = wholemodule;
				SWIFT_OPTIMIZATION_LEVEL = "-O";
				VALIDATE_PRODUCT = YES;
			};
			name = Release;
		};
		75E82E75228460240095BDAF /* Debug */ = {
			isa = XCBuildConfiguration;
			buildSettings = {
				ASSETCATALOG_COMPILER_APPICON_NAME = AppIcon;
				CODE_SIGN_STYLE = Automatic;
				DEVELOPMENT_TEAM = 557CPNQUYB;
				INFOPLIST_FILE = MC2/Info.plist;
				LD_RUNPATH_SEARCH_PATHS = (
					"$(inherited)",
					"@executable_path/Frameworks",
				);
				PRODUCT_BUNDLE_IDENTIFIER = br.jha.SPcult;
				PRODUCT_NAME = "$(TARGET_NAME)";
				SWIFT_VERSION = 5.0;
				TARGETED_DEVICE_FAMILY = "1,2";
			};
			name = Debug;
		};
		75E82E76228460240095BDAF /* Release */ = {
			isa = XCBuildConfiguration;
			buildSettings = {
				ASSETCATALOG_COMPILER_APPICON_NAME = AppIcon;
				CODE_SIGN_STYLE = Automatic;
				DEVELOPMENT_TEAM = 557CPNQUYB;
				INFOPLIST_FILE = MC2/Info.plist;
				LD_RUNPATH_SEARCH_PATHS = (
					"$(inherited)",
					"@executable_path/Frameworks",
				);
				PRODUCT_BUNDLE_IDENTIFIER = br.jha.SPcult;
				PRODUCT_NAME = "$(TARGET_NAME)";
				SWIFT_VERSION = 5.0;
				TARGETED_DEVICE_FAMILY = "1,2";
			};
			name = Release;
		};
/* End XCBuildConfiguration section */

/* Begin XCConfigurationList section */
		75E82E5D228460230095BDAF /* Build configuration list for PBXProject "MC2" */ = {
			isa = XCConfigurationList;
			buildConfigurations = (
				75E82E72228460240095BDAF /* Debug */,
				75E82E73228460240095BDAF /* Release */,
			);
			defaultConfigurationIsVisible = 0;
			defaultConfigurationName = Release;
		};
		75E82E74228460240095BDAF /* Build configuration list for PBXNativeTarget "MC2" */ = {
			isa = XCConfigurationList;
			buildConfigurations = (
				75E82E75228460240095BDAF /* Debug */,
				75E82E76228460240095BDAF /* Release */,
			);
			defaultConfigurationIsVisible = 0;
			defaultConfigurationName = Release;
		};
/* End XCConfigurationList section */
	};
	rootObject = 75E82E5A228460230095BDAF /* Project object */;
}
